
Microsoft Visual Studio Solution File, Format Version 12.00
# Visual Studio Version 17
VisualStudioVersion = 17.3.32929.385
MinimumVisualStudioVersion = 10.0.40219.1
Project("{FAE04EC0-301F-11D3-BF4B-00C04F79EFBC}") = "PeopleMVC", "PeopleMVC\PeopleMVC.csproj", "{845A1462-3150-4F1D-B28B-D653C51CC87F}"
EndProject
Global
	GlobalSection(SolutionConfigurationPlatforms) = preSolution
		Debug|Any CPU = Debug|Any CPU
		Release|Any CPU = Release|Any CPU
	EndGlobalSection
	GlobalSection(ProjectConfigurationPlatforms) = postSolution
		{845A1462-3150-4F1D-B28B-D653C51CC87F}.Debug|Any CPU.ActiveCfg = Debug|Any CPU
		{845A1462-3150-4F1D-B28B-D653C51CC87F}.Debug|Any CPU.Build.0 = Debug|Any CPU
		{845A1462-3150-4F1D-B28B-D653C51CC87F}.Release|Any CPU.ActiveCfg = Release|Any CPU
		{845A1462-3150-4F1D-B28B-D653C51CC87F}.Release|Any CPU.Build.0 = Release|Any CPU
	EndGlobalSection
	GlobalSection(SolutionProperties) = preSolution
		HideSolutionNode = FALSE
	EndGlobalSection
	GlobalSection(ExtensibilityGlobals) = postSolution
		SolutionGuid = {BB11A22F-E616-40AE-8B14-ABEFFDCE9B05}
	EndGlobalSection
EndGlobal
